{
    "requires": true,
    "lockfileVersion": 1,
    "dependencies": {
        "fullcalendar": {
            "version": "5.10.1",
            "resolved": "https://registry.npmjs.org/fullcalendar/-/fullcalendar-5.10.1.tgz",
            "integrity": "sha512-0jgDxiWRuC36MzAUK3+Equmu4R0+vAPEtttsXLX9GNNDUHEZ5HjcH+dUtWut4vlJtxGJgVZ+eZ76/7qhcu+RMA=="
        }
    }
}
